// !$*UTF8*$!
{
	archiveVersion = 1;
	classes = {
	};
	objectVersion = 50;
	objects = {

/* Begin PBXBuildFile section */
		844EBF3321FE21B100EEEF3D /* Designer+CoreDataClass.swift in Sources */ = {isa = PBXBuildFile; fileRef = 844EBF2D21FE21B100EEEF3D /* Designer+CoreDataClass.swift */; };
		844EBF3421FE21B100EEEF3D /* Designer+CoreDataProperties.swift in Sources */ = {isa = PBXBuildFile; fileRef = 844EBF2E21FE21B100EEEF3D /* Designer+CoreDataProperties.swift */; };
		844EBF3521FE21B100EEEF3D /* Developer+CoreDataClass.swift in Sources */ = {isa = PBXBuildFile; fileRef = 844EBF2F21FE21B100EEEF3D /* Developer+CoreDataClass.swift */; };
		844EBF3621FE21B100EEEF3D /* Developer+CoreDataProperties.swift in Sources */ = {isa = PBXBuildFile; fileRef = 844EBF3021FE21B100EEEF3D /* Developer+CoreDataProperties.swift */; };
		844EBF3721FE21B100EEEF3D /* Manager+CoreDataClass.swift in Sources */ = {isa = PBXBuildFile; fileRef = 844EBF3121FE21B100EEEF3D /* Manager+CoreDataClass.swift */; };
		844EBF3821FE21B100EEEF3D /* Manager+CoreDataProperties.swift in Sources */ = {isa = PBXBuildFile; fileRef = 844EBF3221FE21B100EEEF3D /* Manager+CoreDataProperties.swift */; };
		844EBF3C21FE418F00EEEF3D /* ProjectsTableViewController.swift in Sources */ = {isa = PBXBuildFile; fileRef = 844EBF3B21FE418F00EEEF3D /* ProjectsTableViewController.swift */; };
		8483B42B2200C37600BE0C9A /* UIPickerForTask.swift in Sources */ = {isa = PBXBuildFile; fileRef = 8483B42A2200C37600BE0C9A /* UIPickerForTask.swift */; };
		8483B42D2200DF4F00BE0C9A /* TasksTableViewController.swift in Sources */ = {isa = PBXBuildFile; fileRef = 8483B42C2200DF4F00BE0C9A /* TasksTableViewController.swift */; };
		84A47A572200625E0015FB3E /* UIPickerForBoss.swift in Sources */ = {isa = PBXBuildFile; fileRef = 84A47A562200625E0015FB3E /* UIPickerForBoss.swift */; };
		84BCBC6A21FF58B700164D30 /* ParentTableViewController.swift in Sources */ = {isa = PBXBuildFile; fileRef = 84BCBC6921FF58B700164D30 /* ParentTableViewController.swift */; };
		84BCBC7221FF6FCB00164D30 /* DevelopersTableViewCell.swift in Sources */ = {isa = PBXBuildFile; fileRef = 84BCBC7021FF6FCB00164D30 /* DevelopersTableViewCell.swift */; };
		84BCBC7521FF739B00164D30 /* DesignersTableViewCell.swift in Sources */ = {isa = PBXBuildFile; fileRef = 84BCBC7321FF739B00164D30 /* DesignersTableViewCell.swift */; };
		84BCBC7621FF739B00164D30 /* DesignersTableViewCell.xib in Resources */ = {isa = PBXBuildFile; fileRef = 84BCBC7421FF739B00164D30 /* DesignersTableViewCell.xib */; };
		84BCBC7921FF7CE900164D30 /* ManagerTableViewCell.swift in Sources */ = {isa = PBXBuildFile; fileRef = 84BCBC7721FF7CE900164D30 /* ManagerTableViewCell.swift */; };
		84BCBC7A21FF7CE900164D30 /* ManagerTableViewCell.xib in Resources */ = {isa = PBXBuildFile; fileRef = 84BCBC7821FF7CE900164D30 /* ManagerTableViewCell.xib */; };
		84BCBC7C21FF841200164D30 /* DeveloperTableViewController.swift in Sources */ = {isa = PBXBuildFile; fileRef = 84BCBC7B21FF841200164D30 /* DeveloperTableViewController.swift */; };
		84DFED9D21F8E19400EFF834 /* AppDelegate.swift in Sources */ = {isa = PBXBuildFile; fileRef = 84DFED9C21F8E19400EFF834 /* AppDelegate.swift */; };
		84DFEDA221F8E19400EFF834 /* Main.storyboard in Resources */ = {isa = PBXBuildFile; fileRef = 84DFEDA021F8E19400EFF834 /* Main.storyboard */; };
		84DFEDA521F8E19400EFF834 /* CoreDataApp.xcdatamodeld in Sources */ = {isa = PBXBuildFile; fileRef = 84DFEDA321F8E19400EFF834 /* CoreDataApp.xcdatamodeld */; };
		84DFEDA721F8E19700EFF834 /* Assets.xcassets in Resources */ = {isa = PBXBuildFile; fileRef = 84DFEDA621F8E19700EFF834 /* Assets.xcassets */; };
		84DFEDAA21F8E19700EFF834 /* LaunchScreen.storyboard in Resources */ = {isa = PBXBuildFile; fileRef = 84DFEDA821F8E19700EFF834 /* LaunchScreen.storyboard */; };
		84EC180121F9BBA60093F879 /* Project+CoreDataClass.swift in Sources */ = {isa = PBXBuildFile; fileRef = 84EC17FB21F9BBA60093F879 /* Project+CoreDataClass.swift */; };
		84EC180221F9BBA60093F879 /* Project+CoreDataProperties.swift in Sources */ = {isa = PBXBuildFile; fileRef = 84EC17FC21F9BBA60093F879 /* Project+CoreDataProperties.swift */; };
		84EC180321F9BBA60093F879 /* Task+CoreDataClass.swift in Sources */ = {isa = PBXBuildFile; fileRef = 84EC17FD21F9BBA60093F879 /* Task+CoreDataClass.swift */; };
		84EC180421F9BBA60093F879 /* Task+CoreDataProperties.swift in Sources */ = {isa = PBXBuildFile; fileRef = 84EC17FE21F9BBA60093F879 /* Task+CoreDataProperties.swift */; };
		84EC180521F9BBA60093F879 /* Employee+CoreDataClass.swift in Sources */ = {isa = PBXBuildFile; fileRef = 84EC17FF21F9BBA60093F879 /* Employee+CoreDataClass.swift */; };
		84EC180621F9BBA60093F879 /* Employee+CoreDataProperties.swift in Sources */ = {isa = PBXBuildFile; fileRef = 84EC180021F9BBA60093F879 /* Employee+CoreDataProperties.swift */; };
		84EC180A21F9BD920093F879 /* CoreDataStack.swift in Sources */ = {isa = PBXBuildFile; fileRef = 84EC180921F9BD920093F879 /* CoreDataStack.swift */; };
/* End PBXBuildFile section */

/* Begin PBXFileReference section */
		844EBF2D21FE21B100EEEF3D /* Designer+CoreDataClass.swift */ = {isa = PBXFileReference; lastKnownFileType = sourcecode.swift; path = "Designer+CoreDataClass.swift"; sourceTree = "<group>"; };
		844EBF2E21FE21B100EEEF3D /* Designer+CoreDataProperties.swift */ = {isa = PBXFileReference; lastKnownFileType = sourcecode.swift; path = "Designer+CoreDataProperties.swift"; sourceTree = "<group>"; };
		844EBF2F21FE21B100EEEF3D /* Developer+CoreDataClass.swift */ = {isa = PBXFileReference; lastKnownFileType = sourcecode.swift; path = "Developer+CoreDataClass.swift"; sourceTree = "<group>"; };
		844EBF3021FE21B100EEEF3D /* Developer+CoreDataProperties.swift */ = {isa = PBXFileReference; lastKnownFileType = sourcecode.swift; path = "Developer+CoreDataProperties.swift"; sourceTree = "<group>"; };
		844EBF3121FE21B100EEEF3D /* Manager+CoreDataClass.swift */ = {isa = PBXFileReference; lastKnownFileType = sourcecode.swift; path = "Manager+CoreDataClass.swift"; sourceTree = "<group>"; };
		844EBF3221FE21B100EEEF3D /* Manager+CoreDataProperties.swift */ = {isa = PBXFileReference; lastKnownFileType = sourcecode.swift; path = "Manager+CoreDataProperties.swift"; sourceTree = "<group>"; };
		844EBF3B21FE418F00EEEF3D /* ProjectsTableViewController.swift */ = {isa = PBXFileReference; lastKnownFileType = sourcecode.swift; path = ProjectsTableViewController.swift; sourceTree = "<group>"; };
		8483B42A2200C37600BE0C9A /* UIPickerForTask.swift */ = {isa = PBXFileReference; lastKnownFileType = sourcecode.swift; path = UIPickerForTask.swift; sourceTree = "<group>"; };
		8483B42C2200DF4F00BE0C9A /* TasksTableViewController.swift */ = {isa = PBXFileReference; lastKnownFileType = sourcecode.swift; path = TasksTableViewController.swift; sourceTree = "<group>"; };
		84A47A562200625E0015FB3E /* UIPickerForBoss.swift */ = {isa = PBXFileReference; lastKnownFileType = sourcecode.swift; path = UIPickerForBoss.swift; sourceTree = "<group>"; };
		84BCBC6921FF58B700164D30 /* ParentTableViewController.swift */ = {isa = PBXFileReference; lastKnownFileType = sourcecode.swift; path = ParentTableViewController.swift; sourceTree = "<group>"; };
		84BCBC7021FF6FCB00164D30 /* DevelopersTableViewCell.swift */ = {isa = PBXFileReference; lastKnownFileType = sourcecode.swift; path = DevelopersTableViewCell.swift; sourceTree = "<group>"; };
		84BCBC7121FF6FCB00164D30 /* DevelopersTableViewCell.xib */ = {isa = PBXFileReference; lastKnownFileType = file.xib; path = DevelopersTableViewCell.xib; sourceTree = "<group>"; };
		84BCBC7321FF739B00164D30 /* DesignersTableViewCell.swift */ = {isa = PBXFileReference; lastKnownFileType = sourcecode.swift; path = DesignersTableViewCell.swift; sourceTree = "<group>"; };
		84BCBC7421FF739B00164D30 /* DesignersTableViewCell.xib */ = {isa = PBXFileReference; lastKnownFileType = file.xib; path = DesignersTableViewCell.xib; sourceTree = "<group>"; };
		84BCBC7721FF7CE900164D30 /* ManagerTableViewCell.swift */ = {isa = PBXFileReference; lastKnownFileType = sourcecode.swift; path = ManagerTableViewCell.swift; sourceTree = "<group>"; };
		84BCBC7821FF7CE900164D30 /* ManagerTableViewCell.xib */ = {isa = PBXFileReference; lastKnownFileType = file.xib; path = ManagerTableViewCell.xib; sourceTree = "<group>"; };
		84BCBC7B21FF841200164D30 /* DeveloperTableViewController.swift */ = {isa = PBXFileReference; lastKnownFileType = sourcecode.swift; path = DeveloperTableViewController.swift; sourceTree = "<group>"; };
		84DFED9921F8E19300EFF834 /* CoreDataApp.app */ = {isa = PBXFileReference; explicitFileType = wrapper.application; includeInIndex = 0; path = CoreDataApp.app; sourceTree = BUILT_PRODUCTS_DIR; };
		84DFED9C21F8E19400EFF834 /* AppDelegate.swift */ = {isa = PBXFileReference; lastKnownFileType = sourcecode.swift; path = AppDelegate.swift; sourceTree = "<group>"; };
		84DFEDA121F8E19400EFF834 /* Base */ = {isa = PBXFileReference; lastKnownFileType = file.storyboard; name = Base; path = Base.lproj/Main.storyboard; sourceTree = "<group>"; };
		84DFEDA421F8E19400EFF834 /* CoreDataApp.xcdatamodel */ = {isa = PBXFileReference; lastKnownFileType = wrapper.xcdatamodel; path = CoreDataApp.xcdatamodel; sourceTree = "<group>"; };
		84DFEDA621F8E19700EFF834 /* Assets.xcassets */ = {isa = PBXFileReference; lastKnownFileType = folder.assetcatalog; path = Assets.xcassets; sourceTree = "<group>"; };
		84DFEDA921F8E19700EFF834 /* Base */ = {isa = PBXFileReference; lastKnownFileType = file.storyboard; name = Base; path = Base.lproj/LaunchScreen.storyboard; sourceTree = "<group>"; };
		84DFEDAB21F8E19700EFF834 /* Info.plist */ = {isa = PBXFileReference; lastKnownFileType = text.plist.xml; path = Info.plist; sourceTree = "<group>"; };
		84EC17FB21F9BBA60093F879 /* Project+CoreDataClass.swift */ = {isa = PBXFileReference; lastKnownFileType = sourcecode.swift; path = "Project+CoreDataClass.swift"; sourceTree = "<group>"; };
		84EC17FC21F9BBA60093F879 /* Project+CoreDataProperties.swift */ = {isa = PBXFileReference; lastKnownFileType = sourcecode.swift; path = "Project+CoreDataProperties.swift"; sourceTree = "<group>"; };
		84EC17FD21F9BBA60093F879 /* Task+CoreDataClass.swift */ = {isa = PBXFileReference; lastKnownFileType = sourcecode.swift; path = "Task+CoreDataClass.swift"; sourceTree = "<group>"; };
		84EC17FE21F9BBA60093F879 /* Task+CoreDataProperties.swift */ = {isa = PBXFileReference; lastKnownFileType = sourcecode.swift; path = "Task+CoreDataProperties.swift"; sourceTree = "<group>"; };
		84EC17FF21F9BBA60093F879 /* Employee+CoreDataClass.swift */ = {isa = PBXFileReference; lastKnownFileType = sourcecode.swift; path = "Employee+CoreDataClass.swift"; sourceTree = "<group>"; };
		84EC180021F9BBA60093F879 /* Employee+CoreDataProperties.swift */ = {isa = PBXFileReference; lastKnownFileType = sourcecode.swift; path = "Employee+CoreDataProperties.swift"; sourceTree = "<group>"; };
		84EC180921F9BD920093F879 /* CoreDataStack.swift */ = {isa = PBXFileReference; lastKnownFileType = sourcecode.swift; path = CoreDataStack.swift; sourceTree = "<group>"; };
/* End PBXFileReference section */

/* Begin PBXFrameworksBuildPhase section */
		84DFED9621F8E19300EFF834 /* Frameworks */ = {
			isa = PBXFrameworksBuildPhase;
			buildActionMask = 2147483647;
			files = (
			);
			runOnlyForDeploymentPostprocessing = 0;
		};
/* End PBXFrameworksBuildPhase section */

/* Begin PBXGroup section */
		8483B42E2200EDB700BE0C9A /* UIPickers */ = {
			isa = PBXGroup;
			children = (
				84A47A562200625E0015FB3E /* UIPickerForBoss.swift */,
				8483B42A2200C37600BE0C9A /* UIPickerForTask.swift */,
			);
			name = UIPickers;
			sourceTree = "<group>";
		};
		84BCBC6F21FF683300164D30 /* TableViewCells */ = {
			isa = PBXGroup;
			children = (
				84BCBC7021FF6FCB00164D30 /* DevelopersTableViewCell.swift */,
				84BCBC7121FF6FCB00164D30 /* DevelopersTableViewCell.xib */,
				84BCBC7321FF739B00164D30 /* DesignersTableViewCell.swift */,
				84BCBC7421FF739B00164D30 /* DesignersTableViewCell.xib */,
				84BCBC7721FF7CE900164D30 /* ManagerTableViewCell.swift */,
				84BCBC7821FF7CE900164D30 /* ManagerTableViewCell.xib */,
			);
			path = TableViewCells;
			sourceTree = "<group>";
		};
		84DFED9021F8E19300EFF834 = {
			isa = PBXGroup;
			children = (
				84DFED9B21F8E19300EFF834 /* CoreDataApp */,
				84DFED9A21F8E19300EFF834 /* Products */,
			);
			sourceTree = "<group>";
		};
		84DFED9A21F8E19300EFF834 /* Products */ = {
			isa = PBXGroup;
			children = (
				84DFED9921F8E19300EFF834 /* CoreDataApp.app */,
			);
			name = Products;
			sourceTree = "<group>";
		};
		84DFED9B21F8E19300EFF834 /* CoreDataApp */ = {
			isa = PBXGroup;
			children = (
				84DFED9C21F8E19400EFF834 /* AppDelegate.swift */,
				84DFEDB121F8F97500EFF834 /* ViewControllers */,
				84DFEDA621F8E19700EFF834 /* Assets.xcassets */,
				84BCBC6F21FF683300164D30 /* TableViewCells */,
				84DFEDAB21F8E19700EFF834 /* Info.plist */,
				84DFEDB221F8F9AF00EFF834 /* Core Data */,
			);
			path = CoreDataApp;
			sourceTree = "<group>";
		};
		84DFEDB121F8F97500EFF834 /* ViewControllers */ = {
			isa = PBXGroup;
			children = (
				84DFEDA821F8E19700EFF834 /* LaunchScreen.storyboard */,
				84DFEDA021F8E19400EFF834 /* Main.storyboard */,
				844EBF3B21FE418F00EEEF3D /* ProjectsTableViewController.swift */,
				84BCBC6921FF58B700164D30 /* ParentTableViewController.swift */,
				84BCBC7B21FF841200164D30 /* DeveloperTableViewController.swift */,
				8483B42C2200DF4F00BE0C9A /* TasksTableViewController.swift */,
				8483B42E2200EDB700BE0C9A /* UIPickers */,
			);
			path = ViewControllers;
			sourceTree = "<group>";
		};
		84DFEDB221F8F9AF00EFF834 /* Core Data */ = {
			isa = PBXGroup;
			children = (
				84EC180821F9BD5A0093F879 /* Core Data Stack */,
				84DFEDB321F8F9DA00EFF834 /* Entities */,
				84DFEDA321F8E19400EFF834 /* CoreDataApp.xcdatamodeld */,
			);
			path = "Core Data";
			sourceTree = "<group>";
		};
		84DFEDB321F8F9DA00EFF834 /* Entities */ = {
			isa = PBXGroup;
			children = (
				844EBF2D21FE21B100EEEF3D /* Designer+CoreDataClass.swift */,
				844EBF2E21FE21B100EEEF3D /* Designer+CoreDataProperties.swift */,
				844EBF2F21FE21B100EEEF3D /* Developer+CoreDataClass.swift */,
				844EBF3021FE21B100EEEF3D /* Developer+CoreDataProperties.swift */,
				844EBF3121FE21B100EEEF3D /* Manager+CoreDataClass.swift */,
				844EBF3221FE21B100EEEF3D /* Manager+CoreDataProperties.swift */,
				84EC17FB21F9BBA60093F879 /* Project+CoreDataClass.swift */,
				84EC17FC21F9BBA60093F879 /* Project+CoreDataProperties.swift */,
				84EC17FD21F9BBA60093F879 /* Task+CoreDataClass.swift */,
				84EC17FE21F9BBA60093F879 /* Task+CoreDataProperties.swift */,
				84EC17FF21F9BBA60093F879 /* Employee+CoreDataClass.swift */,
				84EC180021F9BBA60093F879 /* Employee+CoreDataProperties.swift */,
			);
			path = Entities;
			sourceTree = "<group>";
		};
		84EC180821F9BD5A0093F879 /* Core Data Stack */ = {
			isa = PBXGroup;
			children = (
				84EC180921F9BD920093F879 /* CoreDataStack.swift */,
			);
			path = "Core Data Stack";
			sourceTree = "<group>";
		};
/* End PBXGroup section */

/* Begin PBXNativeTarget section */
		84DFED9821F8E19300EFF834 /* CoreDataApp */ = {
			isa = PBXNativeTarget;
			buildConfigurationList = 84DFEDAE21F8E19700EFF834 /* Build configuration list for PBXNativeTarget "CoreDataApp" */;
			buildPhases = (
				84DFED9521F8E19300EFF834 /* Sources */,
				84DFED9621F8E19300EFF834 /* Frameworks */,
				84DFED9721F8E19300EFF834 /* Resources */,
			);
			buildRules = (
			);
			dependencies = (
			);
			name = CoreDataApp;
			productName = CoreDataApp;
			productReference = 84DFED9921F8E19300EFF834 /* CoreDataApp.app */;
			productType = "com.apple.product-type.application";
		};
/* End PBXNativeTarget section */

/* Begin PBXProject section */
		84DFED9121F8E19300EFF834 /* Project object */ = {
			isa = PBXProject;
			attributes = {
				LastSwiftUpdateCheck = 1010;
				LastUpgradeCheck = 1010;
				ORGANIZATIONNAME = "Мостовий Ігор";
				TargetAttributes = {
					84DFED9821F8E19300EFF834 = {
						CreatedOnToolsVersion = 10.1;
					};
				};
			};
			buildConfigurationList = 84DFED9421F8E19300EFF834 /* Build configuration list for PBXProject "CoreDataApp" */;
			compatibilityVersion = "Xcode 9.3";
			developmentRegion = en;
			hasScannedForEncodings = 0;
			knownRegions = (
				en,
				Base,
			);
			mainGroup = 84DFED9021F8E19300EFF834;
			productRefGroup = 84DFED9A21F8E19300EFF834 /* Products */;
			projectDirPath = "";
			projectRoot = "";
			targets = (
				84DFED9821F8E19300EFF834 /* CoreDataApp */,
			);
		};
/* End PBXProject section */

/* Begin PBXResourcesBuildPhase section */
		84DFED9721F8E19300EFF834 /* Resources */ = {
			isa = PBXResourcesBuildPhase;
			buildActionMask = 2147483647;
			files = (
				84DFEDAA21F8E19700EFF834 /* LaunchScreen.storyboard in Resources */,
				84DFEDA721F8E19700EFF834 /* Assets.xcassets in Resources */,
				84BCBC7621FF739B00164D30 /* DesignersTableViewCell.xib in Resources */,
				84DFEDA221F8E19400EFF834 /* Main.storyboard in Resources */,
				84BCBC7A21FF7CE900164D30 /* ManagerTableViewCell.xib in Resources */,
			);
			runOnlyForDeploymentPostprocessing = 0;
		};
/* End PBXResourcesBuildPhase section */

/* Begin PBXSourcesBuildPhase section */
		84DFED9521F8E19300EFF834 /* Sources */ = {
			isa = PBXSourcesBuildPhase;
			buildActionMask = 2147483647;
			files = (
				84EC180121F9BBA60093F879 /* Project+CoreDataClass.swift in Sources */,
				844EBF3421FE21B100EEEF3D /* Designer+CoreDataProperties.swift in Sources */,
				84BCBC7521FF739B00164D30 /* DesignersTableViewCell.swift in Sources */,
				84EC180321F9BBA60093F879 /* Task+CoreDataClass.swift in Sources */,
				84DFEDA521F8E19400EFF834 /* CoreDataApp.xcdatamodeld in Sources */,
				84EC180A21F9BD920093F879 /* CoreDataStack.swift in Sources */,
				8483B42D2200DF4F00BE0C9A /* TasksTableViewController.swift in Sources */,
				84EC180221F9BBA60093F879 /* Project+CoreDataProperties.swift in Sources */,
				84BCBC7221FF6FCB00164D30 /* DevelopersTableViewCell.swift in Sources */,
				844EBF3C21FE418F00EEEF3D /* ProjectsTableViewController.swift in Sources */,
				84BCBC7C21FF841200164D30 /* DeveloperTableViewController.swift in Sources */,
				8483B42B2200C37600BE0C9A /* UIPickerForTask.swift in Sources */,
				844EBF3521FE21B100EEEF3D /* Developer+CoreDataClass.swift in Sources */,
				84EC180421F9BBA60093F879 /* Task+CoreDataProperties.swift in Sources */,
				84EC180621F9BBA60093F879 /* Employee+CoreDataProperties.swift in Sources */,
				84EC180521F9BBA60093F879 /* Employee+CoreDataClass.swift in Sources */,
				844EBF3321FE21B100EEEF3D /* Designer+CoreDataClass.swift in Sources */,
				844EBF3721FE21B100EEEF3D /* Manager+CoreDataClass.swift in Sources */,
				84A47A572200625E0015FB3E /* UIPickerForBoss.swift in Sources */,
				84BCBC7921FF7CE900164D30 /* ManagerTableViewCell.swift in Sources */,
				84BCBC6A21FF58B700164D30 /* ParentTableViewController.swift in Sources */,
				84DFED9D21F8E19400EFF834 /* AppDelegate.swift in Sources */,
				844EBF3821FE21B100EEEF3D /* Manager+CoreDataProperties.swift in Sources */,
				844EBF3621FE21B100EEEF3D /* Developer+CoreDataProperties.swift in Sources */,
			);
			runOnlyForDeploymentPostprocessing = 0;
		};
/* End PBXSourcesBuildPhase section */

/* Begin PBXVariantGroup section */
		84DFEDA021F8E19400EFF834 /* Main.storyboard */ = {
			isa = PBXVariantGroup;
			children = (
				84DFEDA121F8E19400EFF834 /* Base */,
			);
			name = Main.storyboard;
			sourceTree = "<group>";
		};
		84DFEDA821F8E19700EFF834 /* LaunchScreen.storyboard */ = {
			isa = PBXVariantGroup;
			children = (
				84DFEDA921F8E19700EFF834 /* Base */,
			);
			name = LaunchScreen.storyboard;
			sourceTree = "<group>";
		};
/* End PBXVariantGroup section */

/* Begin XCBuildConfiguration section */
		84DFEDAC21F8E19700EFF834 /* Debug */ = {
			isa = XCBuildConfiguration;
			buildSettings = {
				ALWAYS_SEARCH_USER_PATHS = NO;
				CLANG_ANALYZER_NONNULL = YES;
				CLANG_ANALYZER_NUMBER_OBJECT_CONVERSION = YES_AGGRESSIVE;
				CLANG_CXX_LANGUAGE_STANDARD = "gnu++14";
				CLANG_CXX_LIBRARY = "libc++";
				CLANG_ENABLE_MODULES = YES;
				CLANG_ENABLE_OBJC_ARC = YES;
				CLANG_ENABLE_OBJC_WEAK = YES;
				CLANG_WARN_BLOCK_CAPTURE_AUTORELEASING = YES;
				CLANG_WARN_BOOL_CONVERSION = YES;
				CLANG_WARN_COMMA = YES;
				CLANG_WARN_CONSTANT_CONVERSION = YES;
				CLANG_WARN_DEPRECATED_OBJC_IMPLEMENTATIONS = YES;
				CLANG_WARN_DIRECT_OBJC_ISA_USAGE = YES_ERROR;
				CLANG_WARN_DOCUMENTATION_COMMENTS = YES;
				CLANG_WARN_EMPTY_BODY = YES;
				CLANG_WARN_ENUM_CONVERSION = YES;
				CLANG_WARN_INFINITE_RECURSION = YES;
				CLANG_WARN_INT_CONVERSION = YES;
				CLANG_WARN_NON_LITERAL_NULL_CONVERSION = YES;
				CLANG_WARN_OBJC_IMPLICIT_RETAIN_SELF = YES;
				CLANG_WARN_OBJC_LITERAL_CONVERSION = YES;
				CLANG_WARN_OBJC_ROOT_CLASS = YES_ERROR;
				CLANG_WARN_RANGE_LOOP_ANALYSIS = YES;
				CLANG_WARN_STRICT_PROTOTYPES = YES;
				CLANG_WARN_SUSPICIOUS_MOVE = YES;
				CLANG_WARN_UNGUARDED_AVAILABILITY = YES_AGGRESSIVE;
				CLANG_WARN_UNREACHABLE_CODE = YES;
				CLANG_WARN__DUPLICATE_METHOD_MATCH = YES;
				CODE_SIGN_IDENTITY = "iPhone Developer";
				COPY_PHASE_STRIP = NO;
				DEBUG_INFORMATION_FORMAT = dwarf;
				ENABLE_STRICT_OBJC_MSGSEND = YES;
				ENABLE_TESTABILITY = YES;
				GCC_C_LANGUAGE_STANDARD = gnu11;
				GCC_DYNAMIC_NO_PIC = NO;
				GCC_NO_COMMON_BLOCKS = YES;
				GCC_OPTIMIZATION_LEVEL = 0;
				GCC_PREPROCESSOR_DEFINITIONS = (
					"DEBUG=1",
					"$(inherited)",
				);
				GCC_WARN_64_TO_32_BIT_CONVERSION = YES;
				GCC_WARN_ABOUT_RETURN_TYPE = YES_ERROR;
				GCC_WARN_UNDECLARED_SELECTOR = YES;
				GCC_WARN_UNINITIALIZED_AUTOS = YES_AGGRESSIVE;
				GCC_WARN_UNUSED_FUNCTION = YES;
				GCC_WARN_UNUSED_VARIABLE = YES;
				IPHONEOS_DEPLOYMENT_TARGET = 12.1;
				MTL_ENABLE_DEBUG_INFO = INCLUDE_SOURCE;
				MTL_FAST_MATH = YES;
				ONLY_ACTIVE_ARCH = YES;
				SDKROOT = iphoneos;
				SWIFT_ACTIVE_COMPILATION_CONDITIONS = DEBUG;
				SWIFT_OPTIMIZATION_LEVEL = "-Onone";
			};
			name = Debug;
		};
		84DFEDAD21F8E19700EFF834 /* Release */ = {
			isa = XCBuildConfiguration;
			buildSettings = {
				ALWAYS_SEARCH_USER_PATHS = NO;
				CLANG_ANALYZER_NONNULL = YES;
				CLANG_ANALYZER_NUMBER_OBJECT_CONVERSION = YES_AGGRESSIVE;
				CLANG_CXX_LANGUAGE_STANDARD = "gnu++14";
				CLANG_CXX_LIBRARY = "libc++";
				CLANG_ENABLE_MODULES = YES;
				CLANG_ENABLE_OBJC_ARC = YES;
				CLANG_ENABLE_OBJC_WEAK = YES;
				CLANG_WARN_BLOCK_CAPTURE_AUTORELEASING = YES;
				CLANG_WARN_BOOL_CONVERSION = YES;
				CLANG_WARN_COMMA = YES;
				CLANG_WARN_CONSTANT_CONVERSION = YES;
				CLANG_WARN_DEPRECATED_OBJC_IMPLEMENTATIONS = YES;
				CLANG_WARN_DIRECT_OBJC_ISA_USAGE = YES_ERROR;
				CLANG_WARN_DOCUMENTATION_COMMENTS = YES;
				CLANG_WARN_EMPTY_BODY = YES;
				CLANG_WARN_ENUM_CONVERSION = YES;
				CLANG_WARN_INFINITE_RECURSION = YES;
				CLANG_WARN_INT_CONVERSION = YES;
				CLANG_WARN_NON_LITERAL_NULL_CONVERSION = YES;
				CLANG_WARN_OBJC_IMPLICIT_RETAIN_SELF = YES;
				CLANG_WARN_OBJC_LITERAL_CONVERSION = YES;
				CLANG_WARN_OBJC_ROOT_CLASS = YES_ERROR;
				CLANG_WARN_RANGE_LOOP_ANALYSIS = YES;
				CLANG_WARN_STRICT_PROTOTYPES = YES;
				CLANG_WARN_SUSPICIOUS_MOVE = YES;
				CLANG_WARN_UNGUARDED_AVAILABILITY = YES_AGGRESSIVE;
				CLANG_WARN_UNREACHABLE_CODE = YES;
				CLANG_WARN__DUPLICATE_METHOD_MATCH = YES;
				CODE_SIGN_IDENTITY = "iPhone Developer";
				COPY_PHASE_STRIP = NO;
				DEBUG_INFORMATION_FORMAT = "dwarf-with-dsym";
				ENABLE_NS_ASSERTIONS = NO;
				ENABLE_STRICT_OBJC_MSGSEND = YES;
				GCC_C_LANGUAGE_STANDARD = gnu11;
				GCC_NO_COMMON_BLOCKS = YES;
				GCC_WARN_64_TO_32_BIT_CONVERSION = YES;
				GCC_WARN_ABOUT_RETURN_TYPE = YES_ERROR;
				GCC_WARN_UNDECLARED_SELECTOR = YES;
				GCC_WARN_UNINITIALIZED_AUTOS = YES_AGGRESSIVE;
				GCC_WARN_UNUSED_FUNCTION = YES;
				GCC_WARN_UNUSED_VARIABLE = YES;
				IPHONEOS_DEPLOYMENT_TARGET = 12.1;
				MTL_ENABLE_DEBUG_INFO = NO;
				MTL_FAST_MATH = YES;
				SDKROOT = iphoneos;
				SWIFT_COMPILATION_MODE = wholemodule;
				SWIFT_OPTIMIZATION_LEVEL = "-O";
				VALIDATE_PRODUCT = YES;
			};
			name = Release;
		};
		84DFEDAF21F8E19700EFF834 /* Debug */ = {
			isa = XCBuildConfiguration;
			buildSettings = {
				ASSETCATALOG_COMPILER_APPICON_NAME = AppIcon;
				CODE_SIGN_STYLE = Automatic;
				INFOPLIST_FILE = CoreDataApp/Info.plist;
				LD_RUNPATH_SEARCH_PATHS = (
					"$(inherited)",
					"@executable_path/Frameworks",
				);
				PRODUCT_BUNDLE_IDENTIFIER = identifier.CoreDataApp;
				PRODUCT_NAME = "$(TARGET_NAME)";
				SWIFT_VERSION = 4.2;
				TARGETED_DEVICE_FAMILY = "1,2";
			};
			name = Debug;
		};
		84DFEDB021F8E19700EFF834 /* Release */ = {
			isa = XCBuildConfiguration;
			buildSettings = {
				ASSETCATALOG_COMPILER_APPICON_NAME = AppIcon;
				CODE_SIGN_STYLE = Automatic;
				INFOPLIST_FILE = CoreDataApp/Info.plist;
				LD_RUNPATH_SEARCH_PATHS = (
					"$(inherited)",
					"@executable_path/Frameworks",
				);
				PRODUCT_BUNDLE_IDENTIFIER = identifier.CoreDataApp;
				PRODUCT_NAME = "$(TARGET_NAME)";
				SWIFT_VERSION = 4.2;
				TARGETED_DEVICE_FAMILY = "1,2";
			};
			name = Release;
		};
/* End XCBuildConfiguration section */

/* Begin XCConfigurationList section */
		84DFED9421F8E19300EFF834 /* Build configuration list for PBXProject "CoreDataApp" */ = {
			isa = XCConfigurationList;
			buildConfigurations = (
				84DFEDAC21F8E19700EFF834 /* Debug */,
				84DFEDAD21F8E19700EFF834 /* Release */,
			);
			defaultConfigurationIsVisible = 0;
			defaultConfigurationName = Release;
		};
		84DFEDAE21F8E19700EFF834 /* Build configuration list for PBXNativeTarget "CoreDataApp" */ = {
			isa = XCConfigurationList;
			buildConfigurations = (
				84DFEDAF21F8E19700EFF834 /* Debug */,
				84DFEDB021F8E19700EFF834 /* Release */,
			);
			defaultConfigurationIsVisible = 0;
			defaultConfigurationName = Release;
		};
/* End XCConfigurationList section */

/* Begin XCVersionGroup section */
		84DFEDA321F8E19400EFF834 /* CoreDataApp.xcdatamodeld */ = {
			isa = XCVersionGroup;
			children = (
				84DFEDA421F8E19400EFF834 /* CoreDataApp.xcdatamodel */,
			);
			currentVersion = 84DFEDA421F8E19400EFF834 /* CoreDataApp.xcdatamodel */;
			path = CoreDataApp.xcdatamodeld;
			sourceTree = "<group>";
			versionGroupType = wrapper.xcdatamodel;
		};
/* End XCVersionGroup section */
	};
	rootObject = 84DFED9121F8E19300EFF834 /* Project object */;
}
